// !$*UTF8*$!
{
	archiveVersion = 1;
	classes = {
	};
	objectVersion = 77;
	objects = {

/* Begin PBXBuildFile section */
		470D95E82EFC1D7600CF660D /* CurrencyFormatter.swift in Sources */ = {isa = PBXBuildFile; fileRef = 470D95E72EFC1D4300CF660D /* CurrencyFormatter.swift */; };
		470D95EA2EFC252700CF660D /* README.md in Sources */ = {isa = PBXBuildFile; fileRef = 470D95E92EFC252300CF660D /* README.md */; };
		4761BD562EFC01F900C24758 /* HoldingsViewController.swift in Sources */ = {isa = PBXBuildFile; fileRef = 4761BD542EFC008B00C24758 /* HoldingsViewController.swift */; };
		4761BD5B2EFC058C00C24758 /* HoldingsViewModel.swift in Sources */ = {isa = PBXBuildFile; fileRef = 4761BD5A2EFC03D700C24758 /* HoldingsViewModel.swift */; };
		4761BD5C2EFC05AE00C24758 /* Holding.swift in Sources */ = {isa = PBXBuildFile; fileRef = 4761BD552EFC013200C24758 /* Holding.swift */; };
		4761BD5D2EFC05BA00C24758 /* HoldingsService.swift in Sources */ = {isa = PBXBuildFile; fileRef = 4761BD592EFC032500C24758 /* HoldingsService.swift */; };
		4761BD5F2EFC063900C24758 /* HoldingsResponse.swift in Sources */ = {isa = PBXBuildFile; fileRef = 4761BD5E2EFC063800C24758 /* HoldingsResponse.swift */; };
		4761BD742EFC140300C24758 /* HoldingCell.swift in Sources */ = {isa = PBXBuildFile; fileRef = 4761BD732EFC140200C24758 /* HoldingCell.swift */; };
		4761BD762EFC181B00C24758 /* PortfolioSummaryView.swift in Sources */ = {isa = PBXBuildFile; fileRef = 4761BD752EFC181A00C24758 /* PortfolioSummaryView.swift */; };
/* End PBXBuildFile section */

/* Begin PBXContainerItemProxy section */
		4761BD322EFBFD7300C24758 /* PBXContainerItemProxy */ = {
			isa = PBXContainerItemProxy;
			containerPortal = 4761BD132EFBFD7200C24758 /* Project object */;
			proxyType = 1;
			remoteGlobalIDString = 4761BD1A2EFBFD7200C24758;
			remoteInfo = MaheshHoldingsTask;
		};
		4761BD3C2EFBFD7300C24758 /* PBXContainerItemProxy */ = {
			isa = PBXContainerItemProxy;
			containerPortal = 4761BD132EFBFD7200C24758 /* Project object */;
			proxyType = 1;
			remoteGlobalIDString = 4761BD1A2EFBFD7200C24758;
			remoteInfo = MaheshHoldingsTask;
		};
/* End PBXContainerItemProxy section */

/* Begin PBXFileReference section */
		470D95E72EFC1D4300CF660D /* CurrencyFormatter.swift */ = {isa = PBXFileReference; lastKnownFileType = sourcecode.swift; path = CurrencyFormatter.swift; sourceTree = "<group>"; };
		470D95E92EFC252300CF660D /* README.md */ = {isa = PBXFileReference; lastKnownFileType = sourcecode.swift; path = README.md; sourceTree = "<group>"; };
		4761BD1B2EFBFD7200C24758 /* MaheshHoldingsTask.app */ = {isa = PBXFileReference; explicitFileType = wrapper.application; includeInIndex = 0; path = MaheshHoldingsTask.app; sourceTree = BUILT_PRODUCTS_DIR; };
		4761BD312EFBFD7300C24758 /* MaheshHoldingsTaskTests.xctest */ = {isa = PBXFileReference; explicitFileType = wrapper.cfbundle; includeInIndex = 0; path = MaheshHoldingsTaskTests.xctest; sourceTree = BUILT_PRODUCTS_DIR; };
		4761BD3B2EFBFD7300C24758 /* MaheshHoldingsTaskUITests.xctest */ = {isa = PBXFileReference; explicitFileType = wrapper.cfbundle; includeInIndex = 0; path = MaheshHoldingsTaskUITests.xctest; sourceTree = BUILT_PRODUCTS_DIR; };
		4761BD542EFC008B00C24758 /* HoldingsViewController.swift */ = {isa = PBXFileReference; lastKnownFileType = sourcecode.swift; path = HoldingsViewController.swift; sourceTree = "<group>"; };
		4761BD552EFC013200C24758 /* Holding.swift */ = {isa = PBXFileReference; lastKnownFileType = sourcecode.swift; path = Holding.swift; sourceTree = "<group>"; };
		4761BD592EFC032500C24758 /* HoldingsService.swift */ = {isa = PBXFileReference; lastKnownFileType = sourcecode.swift; path = HoldingsService.swift; sourceTree = "<group>"; };
		4761BD5A2EFC03D700C24758 /* HoldingsViewModel.swift */ = {isa = PBXFileReference; lastKnownFileType = sourcecode.swift; path = HoldingsViewModel.swift; sourceTree = "<group>"; };
		4761BD5E2EFC063800C24758 /* HoldingsResponse.swift */ = {isa = PBXFileReference; lastKnownFileType = sourcecode.swift; path = HoldingsResponse.swift; sourceTree = "<group>"; };
		4761BD732EFC140200C24758 /* HoldingCell.swift */ = {isa = PBXFileReference; lastKnownFileType = sourcecode.swift; path = HoldingCell.swift; sourceTree = "<group>"; };
		4761BD752EFC181A00C24758 /* PortfolioSummaryView.swift */ = {isa = PBXFileReference; lastKnownFileType = sourcecode.swift; path = PortfolioSummaryView.swift; sourceTree = "<group>"; };
/* End PBXFileReference section */

/* Begin PBXFileSystemSynchronizedBuildFileExceptionSet section */
		4761BD432EFBFD7300C24758 /* Exceptions for "MaheshHoldingsTask" folder in "MaheshHoldingsTask" target */ = {
			isa = PBXFileSystemSynchronizedBuildFileExceptionSet;
			membershipExceptions = (
				Info.plist,
			);
			target = 4761BD1A2EFBFD7200C24758 /* MaheshHoldingsTask */;
		};
/* End PBXFileSystemSynchronizedBuildFileExceptionSet section */

/* Begin PBXFileSystemSynchronizedRootGroup section */
		4761BD1D2EFBFD7200C24758 /* MaheshHoldingsTask */ = {
			isa = PBXFileSystemSynchronizedRootGroup;
			exceptions = (
				4761BD432EFBFD7300C24758 /* Exceptions for "MaheshHoldingsTask" folder in "MaheshHoldingsTask" target */,
			);
			path = MaheshHoldingsTask;
			sourceTree = "<group>";
		};
		4761BD342EFBFD7300C24758 /* MaheshHoldingsTaskTests */ = {
			isa = PBXFileSystemSynchronizedRootGroup;
			path = MaheshHoldingsTaskTests;
			sourceTree = "<group>";
		};
		4761BD3E2EFBFD7300C24758 /* MaheshHoldingsTaskUITests */ = {
			isa = PBXFileSystemSynchronizedRootGroup;
			path = MaheshHoldingsTaskUITests;
			sourceTree = "<group>";
		};
/* End PBXFileSystemSynchronizedRootGroup section */

/* Begin PBXFrameworksBuildPhase section */
		4761BD182EFBFD7200C24758 /* Frameworks */ = {
			isa = PBXFrameworksBuildPhase;
			buildActionMask = 2147483647;
			files = (
			);
			runOnlyForDeploymentPostprocessing = 0;
		};
		4761BD2E2EFBFD7300C24758 /* Frameworks */ = {
			isa = PBXFrameworksBuildPhase;
			buildActionMask = 2147483647;
			files = (
			);
			runOnlyForDeploymentPostprocessing = 0;
		};
		4761BD382EFBFD7300C24758 /* Frameworks */ = {
			isa = PBXFrameworksBuildPhase;
			buildActionMask = 2147483647;
			files = (
			);
			runOnlyForDeploymentPostprocessing = 0;
		};
/* End PBXFrameworksBuildPhase section */

/* Begin PBXGroup section */
		4761BD122EFBFD7200C24758 = {
			isa = PBXGroup;
			children = (
				470D95E92EFC252300CF660D /* README.md */,
				4761BD532EFC006500C24758 /* Utils */,
				4761BD522EFC005A00C24758 /* Views */,
				4761BD512EFC005100C24758 /* ViewModels */,
				4761BD502EFC004800C24758 /* Network */,
				4761BD4F2EFC003B00C24758 /* Model */,
				4761BD1D2EFBFD7200C24758 /* MaheshHoldingsTask */,
				4761BD342EFBFD7300C24758 /* MaheshHoldingsTaskTests */,
				4761BD3E2EFBFD7300C24758 /* MaheshHoldingsTaskUITests */,
				4761BD1C2EFBFD7200C24758 /* Products */,
			);
			sourceTree = "<group>";
		};
		4761BD1C2EFBFD7200C24758 /* Products */ = {
			isa = PBXGroup;
			children = (
				4761BD1B2EFBFD7200C24758 /* MaheshHoldingsTask.app */,
				4761BD312EFBFD7300C24758 /* MaheshHoldingsTaskTests.xctest */,
				4761BD3B2EFBFD7300C24758 /* MaheshHoldingsTaskUITests.xctest */,
			);
			name = Products;
			sourceTree = "<group>";
		};
		4761BD4F2EFC003B00C24758 /* Model */ = {
			isa = PBXGroup;
			children = (
				4761BD5E2EFC063800C24758 /* HoldingsResponse.swift */,
				4761BD552EFC013200C24758 /* Holding.swift */,
			);
			path = Model;
			sourceTree = "<group>";
		};
		4761BD502EFC004800C24758 /* Network */ = {
			isa = PBXGroup;
			children = (
				4761BD592EFC032500C24758 /* HoldingsService.swift */,
			);
			path = Network;
			sourceTree = "<group>";
		};
		4761BD512EFC005100C24758 /* ViewModels */ = {
			isa = PBXGroup;
			children = (
				4761BD5A2EFC03D700C24758 /* HoldingsViewModel.swift */,
			);
			path = ViewModels;
			sourceTree = "<group>";
		};
		4761BD522EFC005A00C24758 /* Views */ = {
			isa = PBXGroup;
			children = (
				4761BD752EFC181A00C24758 /* PortfolioSummaryView.swift */,
				4761BD732EFC140200C24758 /* HoldingCell.swift */,
				4761BD542EFC008B00C24758 /* HoldingsViewController.swift */,
			);
			path = Views;
			sourceTree = "<group>";
		};
		4761BD532EFC006500C24758 /* Utils */ = {
			isa = PBXGroup;
			children = (
				470D95E72EFC1D4300CF660D /* CurrencyFormatter.swift */,
			);
			path = Utils;
			sourceTree = "<group>";
		};
/* End PBXGroup section */

/* Begin PBXNativeTarget section */
		4761BD1A2EFBFD7200C24758 /* MaheshHoldingsTask */ = {
			isa = PBXNativeTarget;
			buildConfigurationList = 4761BD442EFBFD7300C24758 /* Build configuration list for PBXNativeTarget "MaheshHoldingsTask" */;
			buildPhases = (
				4761BD172EFBFD7200C24758 /* Sources */,
				4761BD182EFBFD7200C24758 /* Frameworks */,
				4761BD192EFBFD7200C24758 /* Resources */,
			);
			buildRules = (
			);
			dependencies = (
			);
			fileSystemSynchronizedGroups = (
				4761BD1D2EFBFD7200C24758 /* MaheshHoldingsTask */,
			);
			name = MaheshHoldingsTask;
			packageProductDependencies = (
			);
			productName = MaheshHoldingsTask;
			productReference = 4761BD1B2EFBFD7200C24758 /* MaheshHoldingsTask.app */;
			productType = "com.apple.product-type.application";
		};
		4761BD302EFBFD7300C24758 /* MaheshHoldingsTaskTests */ = {
			isa = PBXNativeTarget;
			buildConfigurationList = 4761BD492EFBFD7300C24758 /* Build configuration list for PBXNativeTarget "MaheshHoldingsTaskTests" */;
			buildPhases = (
				4761BD2D2EFBFD7300C24758 /* Sources */,
				4761BD2E2EFBFD7300C24758 /* Frameworks */,
				4761BD2F2EFBFD7300C24758 /* Resources */,
			);
			buildRules = (
			);
			dependencies = (
				4761BD332EFBFD7300C24758 /* PBXTargetDependency */,
			);
			fileSystemSynchronizedGroups = (
				4761BD342EFBFD7300C24758 /* MaheshHoldingsTaskTests */,
			);
			name = MaheshHoldingsTaskTests;
			packageProductDependencies = (
			);
			productName = MaheshHoldingsTaskTests;
			productReference = 4761BD312EFBFD7300C24758 /* MaheshHoldingsTaskTests.xctest */;
			productType = "com.apple.product-type.bundle.unit-test";
		};
		4761BD3A2EFBFD7300C24758 /* MaheshHoldingsTaskUITests */ = {
			isa = PBXNativeTarget;
			buildConfigurationList = 4761BD4C2EFBFD7300C24758 /* Build configuration list for PBXNativeTarget "MaheshHoldingsTaskUITests" */;
			buildPhases = (
				4761BD372EFBFD7300C24758 /* Sources */,
				4761BD382EFBFD7300C24758 /* Frameworks */,
				4761BD392EFBFD7300C24758 /* Resources */,
			);
			buildRules = (
			);
			dependencies = (
				4761BD3D2EFBFD7300C24758 /* PBXTargetDependency */,
			);
			fileSystemSynchronizedGroups = (
				4761BD3E2EFBFD7300C24758 /* MaheshHoldingsTaskUITests */,
			);
			name = MaheshHoldingsTaskUITests;
			packageProductDependencies = (
			);
			productName = MaheshHoldingsTaskUITests;
			productReference = 4761BD3B2EFBFD7300C24758 /* MaheshHoldingsTaskUITests.xctest */;
			productType = "com.apple.product-type.bundle.ui-testing";
		};
/* End PBXNativeTarget section */

/* Begin PBXProject section */
		4761BD132EFBFD7200C24758 /* Project object */ = {
			isa = PBXProject;
			attributes = {
				BuildIndependentTargetsInParallel = 1;
				LastSwiftUpdateCheck = 2620;
				LastUpgradeCheck = 2620;
				TargetAttributes = {
					4761BD1A2EFBFD7200C24758 = {
						CreatedOnToolsVersion = 26.2;
					};
					4761BD302EFBFD7300C24758 = {
						CreatedOnToolsVersion = 26.2;
						TestTargetID = 4761BD1A2EFBFD7200C24758;
					};
					4761BD3A2EFBFD7300C24758 = {
						CreatedOnToolsVersion = 26.2;
						TestTargetID = 4761BD1A2EFBFD7200C24758;
					};
				};
			};
			buildConfigurationList = 4761BD162EFBFD7200C24758 /* Build configuration list for PBXProject "MaheshHoldingsTask" */;
			developmentRegion = en;
			hasScannedForEncodings = 0;
			knownRegions = (
				en,
				Base,
			);
			mainGroup = 4761BD122EFBFD7200C24758;
			minimizedProjectReferenceProxies = 1;
			preferredProjectObjectVersion = 77;
			productRefGroup = 4761BD1C2EFBFD7200C24758 /* Products */;
			projectDirPath = "";
			projectRoot = "";
			targets = (
				4761BD1A2EFBFD7200C24758 /* MaheshHoldingsTask */,
				4761BD302EFBFD7300C24758 /* MaheshHoldingsTaskTests */,
				4761BD3A2EFBFD7300C24758 /* MaheshHoldingsTaskUITests */,
			);
		};
/* End PBXProject section */

/* Begin PBXResourcesBuildPhase section */
		4761BD192EFBFD7200C24758 /* Resources */ = {
			isa = PBXResourcesBuildPhase;
			buildActionMask = 2147483647;
			files = (
			);
			runOnlyForDeploymentPostprocessing = 0;
		};
		4761BD2F2EFBFD7300C24758 /* Resources */ = {
			isa = PBXResourcesBuildPhase;
			buildActionMask = 2147483647;
			files = (
			);
			runOnlyForDeploymentPostprocessing = 0;
		};
		4761BD392EFBFD7300C24758 /* Resources */ = {
			isa = PBXResourcesBuildPhase;
			buildActionMask = 2147483647;
			files = (
			);
			runOnlyForDeploymentPostprocessing = 0;
		};
/* End PBXResourcesBuildPhase section */

/* Begin PBXSourcesBuildPhase section */
		4761BD172EFBFD7200C24758 /* Sources */ = {
			isa = PBXSourcesBuildPhase;
			buildActionMask = 2147483647;
			files = (
				4761BD5F2EFC063900C24758 /* HoldingsResponse.swift in Sources */,
				470D95E82EFC1D7600CF660D /* CurrencyFormatter.swift in Sources */,
				4761BD742EFC140300C24758 /* HoldingCell.swift in Sources */,
				4761BD5B2EFC058C00C24758 /* HoldingsViewModel.swift in Sources */,
				4761BD562EFC01F900C24758 /* HoldingsViewController.swift in Sources */,
				4761BD5C2EFC05AE00C24758 /* Holding.swift in Sources */,
				470D95EA2EFC252700CF660D /* README.md in Sources */,
				4761BD762EFC181B00C24758 /* PortfolioSummaryView.swift in Sources */,
				4761BD5D2EFC05BA00C24758 /* HoldingsService.swift in Sources */,
			);
			runOnlyForDeploymentPostprocessing = 0;
		};
		4761BD2D2EFBFD7300C24758 /* Sources */ = {
			isa = PBXSourcesBuildPhase;
			buildActionMask = 2147483647;
			files = (
			);
			runOnlyForDeploymentPostprocessing = 0;
		};
		4761BD372EFBFD7300C24758 /* Sources */ = {
			isa = PBXSourcesBuildPhase;
			buildActionMask = 2147483647;
			files = (
			);
			runOnlyForDeploymentPostprocessing = 0;
		};
/* End PBXSourcesBuildPhase section */

/* Begin PBXTargetDependency section */
		4761BD332EFBFD7300C24758 /* PBXTargetDependency */ = {
			isa = PBXTargetDependency;
			target = 4761BD1A2EFBFD7200C24758 /* MaheshHoldingsTask */;
			targetProxy = 4761BD322EFBFD7300C24758 /* PBXContainerItemProxy */;
		};
		4761BD3D2EFBFD7300C24758 /* PBXTargetDependency */ = {
			isa = PBXTargetDependency;
			target = 4761BD1A2EFBFD7200C24758 /* MaheshHoldingsTask */;
			targetProxy = 4761BD3C2EFBFD7300C24758 /* PBXContainerItemProxy */;
		};
/* End PBXTargetDependency section */

/* Begin XCBuildConfiguration section */
		4761BD452EFBFD7300C24758 /* Debug */ = {
			isa = XCBuildConfiguration;
			buildSettings = {
				ASSETCATALOG_COMPILER_APPICON_NAME = AppIcon;
				ASSETCATALOG_COMPILER_GLOBAL_ACCENT_COLOR_NAME = AccentColor;
				CODE_SIGN_STYLE = Automatic;
				CURRENT_PROJECT_VERSION = 1;
				GENERATE_INFOPLIST_FILE = YES;
				INFOPLIST_FILE = MaheshHoldingsTask/Info.plist;
				INFOPLIST_KEY_UIApplicationSupportsIndirectInputEvents = YES;
				INFOPLIST_KEY_UILaunchStoryboardName = LaunchScreen;
				INFOPLIST_KEY_UISupportedInterfaceOrientations_iPad = "UIInterfaceOrientationPortrait UIInterfaceOrientationPortraitUpsideDown UIInterfaceOrientationLandscapeLeft UIInterfaceOrientationLandscapeRight";
				INFOPLIST_KEY_UISupportedInterfaceOrientations_iPhone = "UIInterfaceOrientationPortrait UIInterfaceOrientationLandscapeLeft UIInterfaceOrientationLandscapeRight";
				LD_RUNPATH_SEARCH_PATHS = (
					"$(inherited)",
					"@executable_path/Frameworks",
				);
				MARKETING_VERSION = 1.0;
				PRODUCT_BUNDLE_IDENTIFIER = com.interview.MaheshHoldingsTask;
				PRODUCT_NAME = "$(TARGET_NAME)";
				STRING_CATALOG_GENERATE_SYMBOLS = YES;
				SUPPORTED_PLATFORMS = "iphoneos iphonesimulator";
				SUPPORTS_MACCATALYST = NO;
				SUPPORTS_MAC_DESIGNED_FOR_IPHONE_IPAD = NO;
				SUPPORTS_XR_DESIGNED_FOR_IPHONE_IPAD = NO;
				SWIFT_APPROACHABLE_CONCURRENCY = YES;
				SWIFT_DEFAULT_ACTOR_ISOLATION = MainActor;
				SWIFT_EMIT_LOC_STRINGS = YES;
				SWIFT_UPCOMING_FEATURE_MEMBER_IMPORT_VISIBILITY = YES;
				SWIFT_VERSION = 5.0;
				TARGETED_DEVICE_FAMILY = "1,2";
			};
			name = Debug;
		};
		4761BD462EFBFD7300C24758 /* Release */ = {
			isa = XCBuildConfiguration;
			buildSettings = {
				ASSETCATALOG_COMPILER_APPICON_NAME = AppIcon;
				ASSETCATALOG_COMPILER_GLOBAL_ACCENT_COLOR_NAME = AccentColor;
				CODE_SIGN_STYLE = Automatic;
				CURRENT_PROJECT_VERSION = 1;
				GENERATE_INFOPLIST_FILE = YES;
				INFOPLIST_FILE = MaheshHoldingsTask/Info.plist;
				INFOPLIST_KEY_UIApplicationSupportsIndirectInputEvents = YES;
				INFOPLIST_KEY_UILaunchStoryboardName = LaunchScreen;
				INFOPLIST_KEY_UISupportedInterfaceOrientations_iPad = "UIInterfaceOrientationPortrait UIInterfaceOrientationPortraitUpsideDown UIInterfaceOrientationLandscapeLeft UIInterfaceOrientationLandscapeRight";
				INFOPLIST_KEY_UISupportedInterfaceOrientations_iPhone = "UIInterfaceOrientationPortrait UIInterfaceOrientationLandscapeLeft UIInterfaceOrientationLandscapeRight";
				LD_RUNPATH_SEARCH_PATHS = (
					"$(inherited)",
					"@executable_path/Frameworks",
				);
				MARKETING_VERSION = 1.0;
				PRODUCT_BUNDLE_IDENTIFIER = com.interview.MaheshHoldingsTask;
				PRODUCT_NAME = "$(TARGET_NAME)";
				STRING_CATALOG_GENERATE_SYMBOLS = YES;
				SUPPORTED_PLATFORMS = "iphoneos iphonesimulator";
				SUPPORTS_MACCATALYST = NO;
				SUPPORTS_MAC_DESIGNED_FOR_IPHONE_IPAD = NO;
				SUPPORTS_XR_DESIGNED_FOR_IPHONE_IPAD = NO;
				SWIFT_APPROACHABLE_CONCURRENCY = YES;
				SWIFT_DEFAULT_ACTOR_ISOLATION = MainActor;
				SWIFT_EMIT_LOC_STRINGS = YES;
				SWIFT_UPCOMING_FEATURE_MEMBER_IMPORT_VISIBILITY = YES;
				SWIFT_VERSION = 5.0;
				TARGETED_DEVICE_FAMILY = "1,2";
			};
			name = Release;
		};
		4761BD472EFBFD7300C24758 /* Debug */ = {
			isa = XCBuildConfiguration;
			buildSettings = {
				ALWAYS_SEARCH_USER_PATHS = NO;
				ASSETCATALOG_COMPILER_GENERATE_SWIFT_ASSET_SYMBOL_EXTENSIONS = YES;
				CLANG_ANALYZER_NONNULL = YES;
				CLANG_ANALYZER_NUMBER_OBJECT_CONVERSION = YES_AGGRESSIVE;
				CLANG_CXX_LANGUAGE_STANDARD = "gnu++20";
				CLANG_ENABLE_MODULES = YES;
				CLANG_ENABLE_OBJC_ARC = YES;
				CLANG_ENABLE_OBJC_WEAK = YES;
				CLANG_WARN_BLOCK_CAPTURE_AUTORELEASING = YES;
				CLANG_WARN_BOOL_CONVERSION = YES;
				CLANG_WARN_COMMA = YES;
				CLANG_WARN_CONSTANT_CONVERSION = YES;
				CLANG_WARN_DEPRECATED_OBJC_IMPLEMENTATIONS = YES;
				CLANG_WARN_DIRECT_OBJC_ISA_USAGE = YES_ERROR;
				CLANG_WARN_DOCUMENTATION_COMMENTS = YES;
				CLANG_WARN_EMPTY_BODY = YES;
				CLANG_WARN_ENUM_CONVERSION = YES;
				CLANG_WARN_INFINITE_RECURSION = YES;
				CLANG_WARN_INT_CONVERSION = YES;
				CLANG_WARN_NON_LITERAL_NULL_CONVERSION = YES;
				CLANG_WARN_OBJC_IMPLICIT_RETAIN_SELF = YES;
				CLANG_WARN_OBJC_LITERAL_CONVERSION = YES;
				CLANG_WARN_OBJC_ROOT_CLASS = YES_ERROR;
				CLANG_WARN_QUOTED_INCLUDE_IN_FRAMEWORK_HEADER = YES;
				CLANG_WARN_RANGE_LOOP_ANALYSIS = YES;
				CLANG_WARN_STRICT_PROTOTYPES = YES;
				CLANG_WARN_SUSPICIOUS_MOVE = YES;
				CLANG_WARN_UNGUARDED_AVAILABILITY = YES_AGGRESSIVE;
				CLANG_WARN_UNREACHABLE_CODE = YES;
				CLANG_WARN__DUPLICATE_METHOD_MATCH = YES;
				COPY_PHASE_STRIP = NO;
				DEBUG_INFORMATION_FORMAT = dwarf;
				ENABLE_STRICT_OBJC_MSGSEND = YES;
				ENABLE_TESTABILITY = YES;
				ENABLE_USER_SCRIPT_SANDBOXING = YES;
				GCC_C_LANGUAGE_STANDARD = gnu17;
				GCC_DYNAMIC_NO_PIC = NO;
				GCC_NO_COMMON_BLOCKS = YES;
				GCC_OPTIMIZATION_LEVEL = 0;
				GCC_PREPROCESSOR_DEFINITIONS = (
					"DEBUG=1",
					"$(inherited)",
				);
				GCC_WARN_64_TO_32_BIT_CONVERSION = YES;
				GCC_WARN_ABOUT_RETURN_TYPE = YES_ERROR;
				GCC_WARN_UNDECLARED_SELECTOR = YES;
				GCC_WARN_UNINITIALIZED_AUTOS = YES_AGGRESSIVE;
				GCC_WARN_UNUSED_FUNCTION = YES;
				GCC_WARN_UNUSED_VARIABLE = YES;
				IPHONEOS_DEPLOYMENT_TARGET = 26.2;
				LOCALIZATION_PREFERS_STRING_CATALOGS = YES;
				MTL_ENABLE_DEBUG_INFO = INCLUDE_SOURCE;
				MTL_FAST_MATH = YES;
				ONLY_ACTIVE_ARCH = YES;
				SDKROOT = iphoneos;
				SWIFT_ACTIVE_COMPILATION_CONDITIONS = "DEBUG $(inherited)";
				SWIFT_OPTIMIZATION_LEVEL = "-Onone";
			};
			name = Debug;
		};
		4761BD482EFBFD7300C24758 /* Release */ = {
			isa = XCBuildConfiguration;
			buildSettings = {
				ALWAYS_SEARCH_USER_PATHS = NO;
				ASSETCATALOG_COMPILER_GENERATE_SWIFT_ASSET_SYMBOL_EXTENSIONS = YES;
				CLANG_ANALYZER_NONNULL = YES;
				CLANG_ANALYZER_NUMBER_OBJECT_CONVERSION = YES_AGGRESSIVE;
				CLANG_CXX_LANGUAGE_STANDARD = "gnu++20";
				CLANG_ENABLE_MODULES = YES;
				CLANG_ENABLE_OBJC_ARC = YES;
				CLANG_ENABLE_OBJC_WEAK = YES;
				CLANG_WARN_BLOCK_CAPTURE_AUTORELEASING = YES;
				CLANG_WARN_BOOL_CONVERSION = YES;
				CLANG_WARN_COMMA = YES;
				CLANG_WARN_CONSTANT_CONVERSION = YES;
				CLANG_WARN_DEPRECATED_OBJC_IMPLEMENTATIONS = YES;
				CLANG_WARN_DIRECT_OBJC_ISA_USAGE = YES_ERROR;
				CLANG_WARN_DOCUMENTATION_COMMENTS = YES;
				CLANG_WARN_EMPTY_BODY = YES;
				CLANG_WARN_ENUM_CONVERSION = YES;
				CLANG_WARN_INFINITE_RECURSION = YES;
				CLANG_WARN_INT_CONVERSION = YES;
				CLANG_WARN_NON_LITERAL_NULL_CONVERSION = YES;
				CLANG_WARN_OBJC_IMPLICIT_RETAIN_SELF = YES;
				CLANG_WARN_OBJC_LITERAL_CONVERSION = YES;
				CLANG_WARN_OBJC_ROOT_CLASS = YES_ERROR;
				CLANG_WARN_QUOTED_INCLUDE_IN_FRAMEWORK_HEADER = YES;
				CLANG_WARN_RANGE_LOOP_ANALYSIS = YES;
				CLANG_WARN_STRICT_PROTOTYPES = YES;
				CLANG_WARN_SUSPICIOUS_MOVE = YES;
				CLANG_WARN_UNGUARDED_AVAILABILITY = YES_AGGRESSIVE;
				CLANG_WARN_UNREACHABLE_CODE = YES;
				CLANG_WARN__DUPLICATE_METHOD_MATCH = YES;
				COPY_PHASE_STRIP = NO;
				DEBUG_INFORMATION_FORMAT = "dwarf-with-dsym";
				ENABLE_NS_ASSERTIONS = NO;
				ENABLE_STRICT_OBJC_MSGSEND = YES;
				ENABLE_USER_SCRIPT_SANDBOXING = YES;
				GCC_C_LANGUAGE_STANDARD = gnu17;
				GCC_NO_COMMON_BLOCKS = YES;
				GCC_WARN_64_TO_32_BIT_CONVERSION = YES;
				GCC_WARN_ABOUT_RETURN_TYPE = YES_ERROR;
				GCC_WARN_UNDECLARED_SELECTOR = YES;
				GCC_WARN_UNINITIALIZED_AUTOS = YES_AGGRESSIVE;
				GCC_WARN_UNUSED_FUNCTION = YES;
				GCC_WARN_UNUSED_VARIABLE = YES;
				IPHONEOS_DEPLOYMENT_TARGET = 26.2;
				LOCALIZATION_PREFERS_STRING_CATALOGS = YES;
				MTL_ENABLE_DEBUG_INFO = NO;
				MTL_FAST_MATH = YES;
				SDKROOT = iphoneos;
				SWIFT_COMPILATION_MODE = wholemodule;
				VALIDATE_PRODUCT = YES;
			};
			name = Release;
		};
		4761BD4A2EFBFD7300C24758 /* Debug */ = {
			isa = XCBuildConfiguration;
			buildSettings = {
				BUNDLE_LOADER = "$(TEST_HOST)";
				CODE_SIGN_STYLE = Automatic;
				CURRENT_PROJECT_VERSION = 1;
				GENERATE_INFOPLIST_FILE = YES;
				IPHONEOS_DEPLOYMENT_TARGET = 26.2;
				MARKETING_VERSION = 1.0;
				PRODUCT_BUNDLE_IDENTIFIER = com.interview.MaheshHoldingsTaskTests;
				PRODUCT_NAME = "$(TARGET_NAME)";
				STRING_CATALOG_GENERATE_SYMBOLS = NO;
				SUPPORTED_PLATFORMS = "iphoneos iphonesimulator";
				SUPPORTS_MACCATALYST = NO;
				SUPPORTS_MAC_DESIGNED_FOR_IPHONE_IPAD = NO;
				SUPPORTS_XR_DESIGNED_FOR_IPHONE_IPAD = NO;
				SWIFT_APPROACHABLE_CONCURRENCY = YES;
				SWIFT_EMIT_LOC_STRINGS = NO;
				SWIFT_UPCOMING_FEATURE_MEMBER_IMPORT_VISIBILITY = YES;
				SWIFT_VERSION = 5.0;
				TARGETED_DEVICE_FAMILY = "1,2";
				TEST_HOST = "$(BUILT_PRODUCTS_DIR)/MaheshHoldingsTask.app/$(BUNDLE_EXECUTABLE_FOLDER_PATH)/MaheshHoldingsTask";
			};
			name = Debug;
		};
		4761BD4B2EFBFD7300C24758 /* Release */ = {
			isa = XCBuildConfiguration;
			buildSettings = {
				BUNDLE_LOADER = "$(TEST_HOST)";
				CODE_SIGN_STYLE = Automatic;
				CURRENT_PROJECT_VERSION = 1;
				GENERATE_INFOPLIST_FILE = YES;
				IPHONEOS_DEPLOYMENT_TARGET = 26.2;
				MARKETING_VERSION = 1.0;
				PRODUCT_BUNDLE_IDENTIFIER = com.interview.MaheshHoldingsTaskTests;
				PRODUCT_NAME = "$(TARGET_NAME)";
				STRING_CATALOG_GENERATE_SYMBOLS = NO;
				SUPPORTED_PLATFORMS = "iphoneos iphonesimulator";
				SUPPORTS_MACCATALYST = NO;
				SUPPORTS_MAC_DESIGNED_FOR_IPHONE_IPAD = NO;
				SUPPORTS_XR_DESIGNED_FOR_IPHONE_IPAD = NO;
				SWIFT_APPROACHABLE_CONCURRENCY = YES;
				SWIFT_EMIT_LOC_STRINGS = NO;
				SWIFT_UPCOMING_FEATURE_MEMBER_IMPORT_VISIBILITY = YES;
				SWIFT_VERSION = 5.0;
				TARGETED_DEVICE_FAMILY = "1,2";
				TEST_HOST = "$(BUILT_PRODUCTS_DIR)/MaheshHoldingsTask.app/$(BUNDLE_EXECUTABLE_FOLDER_PATH)/MaheshHoldingsTask";
			};
			name = Release;
		};
		4761BD4D2EFBFD7300C24758 /* Debug */ = {
			isa = XCBuildConfiguration;
			buildSettings = {
				CODE_SIGN_STYLE = Automatic;
				CURRENT_PROJECT_VERSION = 1;
				GENERATE_INFOPLIST_FILE = YES;
				MARKETING_VERSION = 1.0;
				PRODUCT_BUNDLE_IDENTIFIER = com.interview.MaheshHoldingsTaskUITests;
				PRODUCT_NAME = "$(TARGET_NAME)";
				STRING_CATALOG_GENERATE_SYMBOLS = NO;
				SUPPORTED_PLATFORMS = "iphoneos iphonesimulator";
				SUPPORTS_MACCATALYST = NO;
				SUPPORTS_MAC_DESIGNED_FOR_IPHONE_IPAD = NO;
				SUPPORTS_XR_DESIGNED_FOR_IPHONE_IPAD = NO;
				SWIFT_APPROACHABLE_CONCURRENCY = YES;
				SWIFT_EMIT_LOC_STRINGS = NO;
				SWIFT_UPCOMING_FEATURE_MEMBER_IMPORT_VISIBILITY = YES;
				SWIFT_VERSION = 5.0;
				TARGETED_DEVICE_FAMILY = "1,2";
				TEST_TARGET_NAME = MaheshHoldingsTask;
			};
			name = Debug;
		};
		4761BD4E2EFBFD7300C24758 /* Release */ = {
			isa = XCBuildConfiguration;
			buildSettings = {
				CODE_SIGN_STYLE = Automatic;
				CURRENT_PROJECT_VERSION = 1;
				GENERATE_INFOPLIST_FILE = YES;
				MARKETING_VERSION = 1.0;
				PRODUCT_BUNDLE_IDENTIFIER = com.interview.MaheshHoldingsTaskUITests;
				PRODUCT_NAME = "$(TARGET_NAME)";
				STRING_CATALOG_GENERATE_SYMBOLS = NO;
				SUPPORTED_PLATFORMS = "iphoneos iphonesimulator";
				SUPPORTS_MACCATALYST = NO;
				SUPPORTS_MAC_DESIGNED_FOR_IPHONE_IPAD = NO;
				SUPPORTS_XR_DESIGNED_FOR_IPHONE_IPAD = NO;
				SWIFT_APPROACHABLE_CONCURRENCY = YES;
				SWIFT_EMIT_LOC_STRINGS = NO;
				SWIFT_UPCOMING_FEATURE_MEMBER_IMPORT_VISIBILITY = YES;
				SWIFT_VERSION = 5.0;
				TARGETED_DEVICE_FAMILY = "1,2";
				TEST_TARGET_NAME = MaheshHoldingsTask;
			};
			name = Release;
		};
/* End XCBuildConfiguration section */

/* Begin XCConfigurationList section */
		4761BD162EFBFD7200C24758 /* Build configuration list for PBXProject "MaheshHoldingsTask" */ = {
			isa = XCConfigurationList;
			buildConfigurations = (
				4761BD472EFBFD7300C24758 /* Debug */,
				4761BD482EFBFD7300C24758 /* Release */,
			);
			defaultConfigurationIsVisible = 0;
			defaultConfigurationName = Release;
		};
		4761BD442EFBFD7300C24758 /* Build configuration list for PBXNativeTarget "MaheshHoldingsTask" */ = {
			isa = XCConfigurationList;
			buildConfigurations = (
				4761BD452EFBFD7300C24758 /* Debug */,
				4761BD462EFBFD7300C24758 /* Release */,
			);
			defaultConfigurationIsVisible = 0;
			defaultConfigurationName = Release;
		};
		4761BD492EFBFD7300C24758 /* Build configuration list for PBXNativeTarget "MaheshHoldingsTaskTests" */ = {
			isa = XCConfigurationList;
			buildConfigurations = (
				4761BD4A2EFBFD7300C24758 /* Debug */,
				4761BD4B2EFBFD7300C24758 /* Release */,
			);
			defaultConfigurationIsVisible = 0;
			defaultConfigurationName = Release;
		};
		4761BD4C2EFBFD7300C24758 /* Build configuration list for PBXNativeTarget "MaheshHoldingsTaskUITests" */ = {
			isa = XCConfigurationList;
			buildConfigurations = (
				4761BD4D2EFBFD7300C24758 /* Debug */,
				4761BD4E2EFBFD7300C24758 /* Release */,
			);
			defaultConfigurationIsVisible = 0;
			defaultConfigurationName = Release;
		};
/* End XCConfigurationList section */
	};
	rootObject = 4761BD132EFBFD7200C24758 /* Project object */;
}
